
Microsoft Visual Studio Solution File, Format Version 12.00
# Visual Studio 14
VisualStudioVersion = 14.0.23107.0
MinimumVisualStudioVersion = 10.0.40219.1
Project("{FAE04EC0-301F-11D3-BF4B-00C04F79EFBC}") = "GitTest", "GitTest\GitTest.csproj", "{CC7B9D77-0AD1-4A55-8631-E4E382C676E6}"
EndProject
Project("{FAE04EC0-301F-11D3-BF4B-00C04F79EFBC}") = "gitClass1", "gitClass1\gitClass1.csproj", "{64495E09-8F2F-4EAA-B534-BE89D57ED125}"
EndProject
Project("{FAE04EC0-301F-11D3-BF4B-00C04F79EFBC}") = "gitClass2", "..\Components\gitClass2\gitClass2.csproj", "{B194F588-B275-4FA7-A569-E67F6D453A9D}"
EndProject
Global
	GlobalSection(SolutionConfigurationPlatforms) = preSolution
		Debug|Any CPU = Debug|Any CPU
		Release|Any CPU = Release|Any CPU
	EndGlobalSection
	GlobalSection(ProjectConfigurationPlatforms) = postSolution
		{CC7B9D77-0AD1-4A55-8631-E4E382C676E6}.Debug|Any CPU.ActiveCfg = Debug|Any CPU
		{CC7B9D77-0AD1-4A55-8631-E4E382C676E6}.Debug|Any CPU.Build.0 = Debug|Any CPU
		{CC7B9D77-0AD1-4A55-8631-E4E382C676E6}.Release|Any CPU.ActiveCfg = Release|Any CPU
		{CC7B9D77-0AD1-4A55-8631-E4E382C676E6}.Release|Any CPU.Build.0 = Release|Any CPU
		{64495E09-8F2F-4EAA-B534-BE89D57ED125}.Debug|Any CPU.ActiveCfg = Debug|Any CPU
		{64495E09-8F2F-4EAA-B534-BE89D57ED125}.Debug|Any CPU.Build.0 = Debug|Any CPU
		{64495E09-8F2F-4EAA-B534-BE89D57ED125}.Release|Any CPU.ActiveCfg = Release|Any CPU
		{64495E09-8F2F-4EAA-B534-BE89D57ED125}.Release|Any CPU.Build.0 = Release|Any CPU
		{B194F588-B275-4FA7-A569-E67F6D453A9D}.Debug|Any CPU.ActiveCfg = Debug|Any CPU
		{B194F588-B275-4FA7-A569-E67F6D453A9D}.Debug|Any CPU.Build.0 = Debug|Any CPU
		{B194F588-B275-4FA7-A569-E67F6D453A9D}.Release|Any CPU.ActiveCfg = Release|Any CPU
		{B194F588-B275-4FA7-A569-E67F6D453A9D}.Release|Any CPU.Build.0 = Release|Any CPU
	EndGlobalSection
	GlobalSection(SolutionProperties) = preSolution
		HideSolutionNode = FALSE
	EndGlobalSection
EndGlobal
